
Microsoft Visual Studio Solution File, Format Version 12.00
# Visual Studio Version 16
VisualStudioVersion = 16.0.34407.143
MinimumVisualStudioVersion = 10.0.40219.1
Project("{8BC9CEB8-8B4A-11D0-8D11-00A0C91BC942}") = "WdmUtils", "WdmUtils\WdmUtils.vcxproj", "{9DBDEB97-CFC9-4172-BC5B-0A71C628F58A}"
EndProject
Project("{8BC9CEB8-8B4A-11D0-8D11-00A0C91BC942}") = "CMI8738", "CMI8738\CMI8738.vcxproj", "{6D0174BC-B03F-4982-8016-44C0ADFD089A}"
EndProject
Global
	GlobalSection(SolutionConfigurationPlatforms) = preSolution
		Debug|x64 = Debug|x64
		Release|x64 = Release|x64
	EndGlobalSection
	GlobalSection(ProjectConfigurationPlatforms) = postSolution
		{9DBDEB97-CFC9-4172-BC5B-0A71C628F58A}.Debug|x64.ActiveCfg = Debug|x64
		{9DBDEB97-CFC9-4172-BC5B-0A71C628F58A}.Debug|x64.Build.0 = Debug|x64
		{9DBDEB97-CFC9-4172-BC5B-0A71C628F58A}.Release|x64.ActiveCfg = Release|x64
		{9DBDEB97-CFC9-4172-BC5B-0A71C628F58A}.Release|x64.Build.0 = Release|x64
		{9DBDEB97-CFC9-4172-BC5B-0A71C628F58A}.Release|x64.Deploy.0 = Release|x64
		{6D0174BC-B03F-4982-8016-44C0ADFD089A}.Debug|x64.ActiveCfg = Debug|x64
		{6D0174BC-B03F-4982-8016-44C0ADFD089A}.Debug|x64.Build.0 = Debug|x64
		{6D0174BC-B03F-4982-8016-44C0ADFD089A}.Release|x64.ActiveCfg = Release|x64
		{6D0174BC-B03F-4982-8016-44C0ADFD089A}.Release|x64.Build.0 = Release|x64
		{6D0174BC-B03F-4982-8016-44C0ADFD089A}.Release|x64.Deploy.0 = Release|x64
	EndGlobalSection
	GlobalSection(SolutionProperties) = preSolution
		HideSolutionNode = FALSE
	EndGlobalSection
	GlobalSection(ExtensibilityGlobals) = postSolution
		SolutionGuid = {BC5E6157-96F9-4C65-B82E-ABA3FDE91770}
	EndGlobalSection
EndGlobal
